{
  "name": "ng1",
  "version": "1.0.0",
  "lockfileVersion": 1,
  "dependencies": {
    "@agm/core": {
      "version": "1.0.0-beta.0",
      "resolved": "https://registry.npmjs.org/@agm/core/-/core-1.0.0-beta.0.tgz",
      "integrity": "sha1-XKU/DvoyHh4kx7o6a+cvlrzPgqQ="
    },
    "angular2-google-maps": {
      "version": "https://registry.npmjs.org/angular2-google-maps/-/angular2-google-maps-0.17.0.tgz",
      "integrity": "sha1-rYNm+k5cVt4LiyDwA7X3odoG/+M="
    }
  }
}
